
Microsoft Visual Studio Solution File, Format Version 12.00
# Visual Studio Version 17
VisualStudioVersion = 17.0.32112.339
MinimumVisualStudioVersion = 10.0.40219.1
Project("{FAE04EC0-301F-11D3-BF4B-00C04F79EFBC}") = "DOMRIA", "DOMRIA.csproj", "{CB0D6372-B872-461D-9302-655046750A5E}"
EndProject
Global
	GlobalSection(SolutionConfigurationPlatforms) = preSolution
		Debug|Any CPU = Debug|Any CPU
		Release|Any CPU = Release|Any CPU
	EndGlobalSection
	GlobalSection(ProjectConfigurationPlatforms) = postSolution
		{CB0D6372-B872-461D-9302-655046750A5E}.Debug|Any CPU.ActiveCfg = Debug|Any CPU
		{CB0D6372-B872-461D-9302-655046750A5E}.Debug|Any CPU.Build.0 = Debug|Any CPU
		{CB0D6372-B872-461D-9302-655046750A5E}.Release|Any CPU.ActiveCfg = Release|Any CPU
		{CB0D6372-B872-461D-9302-655046750A5E}.Release|Any CPU.Build.0 = Release|Any CPU
	EndGlobalSection
	GlobalSection(SolutionProperties) = preSolution
		HideSolutionNode = FALSE
	EndGlobalSection
	GlobalSection(ExtensibilityGlobals) = postSolution
		SolutionGuid = {C8FDB0C3-1D39-40E0-861F-D068A4FFAAF4}
	EndGlobalSection
EndGlobal
